# This file was autogenerated by Stack.
# You should not edit this file by hand.
# For more information, please see the documentation at:
#   https://docs.haskellstack.org/en/stable/lock_files

packages:
- completed:
    filepath: ../LibA/.stack-work/dist/d53b6a14/LibA-0.1.0.1.tar.gz
    name: LibA
    pantry-tree:
      sha256: d5612834fc92bd897bb4df73c64002cf9e47a6b1ed30ed2276a92aab2224cdfd
      size: 398
    sha256: cc6d9d59ee44d41e51fca0ccaddca884a5f2e3a8a5a0ce870bbde6270c425fb4
    size: 2183
    version: 0.1.0.1
  original:
    filepath: ../LibA/.stack-work/dist/d53b6a14/LibA-0.1.0.1.tar.gz
snapshots:
- completed:
    sha256: 0ced7f93245307212900d760c1322dfb527c4b902868c11ccac37f48b7d4ebb9
    size: 619200
    url: https://raw.githubusercontent.com/commercialhaskell/stackage-snapshots/master/lts/19/29.yaml
  original:
    url: https://raw.githubusercontent.com/commercialhaskell/stackage-snapshots/master/lts/19/29.yaml
