# This file was autogenerated by Stack.
# You should not edit this file by hand.
# For more information, please see the documentation at:
#   https://docs.haskellstack.org/en/stable/lock_files

packages:
- completed:
    filepath: ../LibA/.stack-work/dist/d53b6a14/LibA-0.1.0.0.tar.gz
    name: LibA
    pantry-tree:
      sha256: 9dccd8cff722d9ee314e12daef65e24077300ca6b5d90ba69576b7ee06f9d9d3
      size: 398
    sha256: 7aafbe7ec1695fb9855b3718a8384b57ad8bc544a6cb2814fd90428bcd80a84b
    size: 2160
    version: 0.1.0.0
  original:
    filepath: ../LibA/.stack-work/dist/d53b6a14/LibA-0.1.0.0.tar.gz
snapshots:
- completed:
    sha256: 0ced7f93245307212900d760c1322dfb527c4b902868c11ccac37f48b7d4ebb9
    size: 619200
    url: https://raw.githubusercontent.com/commercialhaskell/stackage-snapshots/master/lts/19/29.yaml
  original:
    url: https://raw.githubusercontent.com/commercialhaskell/stackage-snapshots/master/lts/19/29.yaml
